
Microsoft Visual Studio Solution File, Format Version 12.00
# Visual Studio Version 17
VisualStudioVersion = 17.3.32922.545
MinimumVisualStudioVersion = 10.0.40219.1
Project("{FAE04EC0-301F-11D3-BF4B-00C04F79EFBC}") = "HeroNextTranslator", "HeroNextTranslator\HeroNextTranslator.csproj", "{CF204870-678D-45AA-A6C8-32A68FB9BA0B}"
EndProject
Global
	GlobalSection(SolutionConfigurationPlatforms) = preSolution
		Debug|Any CPU = Debug|Any CPU
		Release|Any CPU = Release|Any CPU
	EndGlobalSection
	GlobalSection(ProjectConfigurationPlatforms) = postSolution
		{CF204870-678D-45AA-A6C8-32A68FB9BA0B}.Debug|Any CPU.ActiveCfg = Debug|Any CPU
		{CF204870-678D-45AA-A6C8-32A68FB9BA0B}.Debug|Any CPU.Build.0 = Debug|Any CPU
		{CF204870-678D-45AA-A6C8-32A68FB9BA0B}.Release|Any CPU.ActiveCfg = Release|Any CPU
		{CF204870-678D-45AA-A6C8-32A68FB9BA0B}.Release|Any CPU.Build.0 = Release|Any CPU
	EndGlobalSection
	GlobalSection(SolutionProperties) = preSolution
		HideSolutionNode = FALSE
	EndGlobalSection
	GlobalSection(ExtensibilityGlobals) = postSolution
		SolutionGuid = {1161C140-B684-4B25-86C3-DCD825E06915}
	EndGlobalSection
EndGlobal
